
Microsoft Visual Studio Solution File, Format Version 12.00
# Visual Studio 15
VisualStudioVersion = 15.0.27428.2037
MinimumVisualStudioVersion = 10.0.40219.1
Project("{FAE04EC0-301F-11D3-BF4B-00C04F79EFBC}") = "CodeFirst", "CodeFirst\CodeFirst.csproj", "{B1D72520-C578-4059-99FB-AEFD4577B0B1}"
EndProject
Project("{FAE04EC0-301F-11D3-BF4B-00C04F79EFBC}") = "CodeFirstExistingDatabase", "CodeFirstExistingDatabase\CodeFirstExistingDatabase.csproj", "{E563DA8C-3FE1-45DD-BD1D-50D0AB6474B3}"
EndProject
Project("{FAE04EC0-301F-11D3-BF4B-00C04F79EFBC}") = "Vidzy", "Vidzy\Vidzy.csproj", "{B115BF42-A6AD-4C9C-B100-6DC238C11E4C}"
EndProject
Project("{FAE04EC0-301F-11D3-BF4B-00C04F79EFBC}") = "DataAnnotations", "DataAnnotations\DataAnnotations.csproj", "{319F0075-59DF-4756-91AE-9A8D0FA8F8F2}"
EndProject
Project("{FAE04EC0-301F-11D3-BF4B-00C04F79EFBC}") = "FluentAPI", "FluentAPI\FluentAPI.csproj", "{8DA88C77-B149-4751-85C4-FB81ADB03BAF}"
EndProject
Global
	GlobalSection(SolutionConfigurationPlatforms) = preSolution
		Debug|Any CPU = Debug|Any CPU
		Release|Any CPU = Release|Any CPU
	EndGlobalSection
	GlobalSection(ProjectConfigurationPlatforms) = postSolution
		{B1D72520-C578-4059-99FB-AEFD4577B0B1}.Debug|Any CPU.ActiveCfg = Debug|Any CPU
		{B1D72520-C578-4059-99FB-AEFD4577B0B1}.Debug|Any CPU.Build.0 = Debug|Any CPU
		{B1D72520-C578-4059-99FB-AEFD4577B0B1}.Release|Any CPU.ActiveCfg = Release|Any CPU
		{B1D72520-C578-4059-99FB-AEFD4577B0B1}.Release|Any CPU.Build.0 = Release|Any CPU
		{E563DA8C-3FE1-45DD-BD1D-50D0AB6474B3}.Debug|Any CPU.ActiveCfg = Debug|Any CPU
		{E563DA8C-3FE1-45DD-BD1D-50D0AB6474B3}.Debug|Any CPU.Build.0 = Debug|Any CPU
		{E563DA8C-3FE1-45DD-BD1D-50D0AB6474B3}.Release|Any CPU.ActiveCfg = Release|Any CPU
		{E563DA8C-3FE1-45DD-BD1D-50D0AB6474B3}.Release|Any CPU.Build.0 = Release|Any CPU
		{B115BF42-A6AD-4C9C-B100-6DC238C11E4C}.Debug|Any CPU.ActiveCfg = Debug|Any CPU
		{B115BF42-A6AD-4C9C-B100-6DC238C11E4C}.Debug|Any CPU.Build.0 = Debug|Any CPU
		{B115BF42-A6AD-4C9C-B100-6DC238C11E4C}.Release|Any CPU.ActiveCfg = Release|Any CPU
		{B115BF42-A6AD-4C9C-B100-6DC238C11E4C}.Release|Any CPU.Build.0 = Release|Any CPU
		{319F0075-59DF-4756-91AE-9A8D0FA8F8F2}.Debug|Any CPU.ActiveCfg = Debug|Any CPU
		{319F0075-59DF-4756-91AE-9A8D0FA8F8F2}.Debug|Any CPU.Build.0 = Debug|Any CPU
		{319F0075-59DF-4756-91AE-9A8D0FA8F8F2}.Release|Any CPU.ActiveCfg = Release|Any CPU
		{319F0075-59DF-4756-91AE-9A8D0FA8F8F2}.Release|Any CPU.Build.0 = Release|Any CPU
		{8DA88C77-B149-4751-85C4-FB81ADB03BAF}.Debug|Any CPU.ActiveCfg = Debug|Any CPU
		{8DA88C77-B149-4751-85C4-FB81ADB03BAF}.Debug|Any CPU.Build.0 = Debug|Any CPU
		{8DA88C77-B149-4751-85C4-FB81ADB03BAF}.Release|Any CPU.ActiveCfg = Release|Any CPU
		{8DA88C77-B149-4751-85C4-FB81ADB03BAF}.Release|Any CPU.Build.0 = Release|Any CPU
	EndGlobalSection
	GlobalSection(SolutionProperties) = preSolution
		HideSolutionNode = FALSE
	EndGlobalSection
	GlobalSection(ExtensibilityGlobals) = postSolution
		SolutionGuid = {1EDE30FF-A525-4176-97C5-C6995C2A83A2}
	EndGlobalSection
EndGlobal
