
Microsoft Visual Studio Solution File, Format Version 12.00
# Visual Studio 15
VisualStudioVersion = 15.0.27428.2037
MinimumVisualStudioVersion = 10.0.40219.1
Project("{FAE04EC0-301F-11D3-BF4B-00C04F79EFBC}") = "DbFirst", "DbFirst\DbFirst.csproj", "{122D6E2E-C4EB-4565-81CD-2DD4DBC44A2D}"
EndProject
Project("{FAE04EC0-301F-11D3-BF4B-00C04F79EFBC}") = "Vidzy", "Vidzy\Vidzy.csproj", "{7C3056ED-7E80-49E1-8224-50E54985220A}"
EndProject
Global
	GlobalSection(SolutionConfigurationPlatforms) = preSolution
		Debug|Any CPU = Debug|Any CPU
		Release|Any CPU = Release|Any CPU
	EndGlobalSection
	GlobalSection(ProjectConfigurationPlatforms) = postSolution
		{122D6E2E-C4EB-4565-81CD-2DD4DBC44A2D}.Debug|Any CPU.ActiveCfg = Debug|Any CPU
		{122D6E2E-C4EB-4565-81CD-2DD4DBC44A2D}.Debug|Any CPU.Build.0 = Debug|Any CPU
		{122D6E2E-C4EB-4565-81CD-2DD4DBC44A2D}.Release|Any CPU.ActiveCfg = Release|Any CPU
		{122D6E2E-C4EB-4565-81CD-2DD4DBC44A2D}.Release|Any CPU.Build.0 = Release|Any CPU
		{7C3056ED-7E80-49E1-8224-50E54985220A}.Debug|Any CPU.ActiveCfg = Debug|Any CPU
		{7C3056ED-7E80-49E1-8224-50E54985220A}.Debug|Any CPU.Build.0 = Debug|Any CPU
		{7C3056ED-7E80-49E1-8224-50E54985220A}.Release|Any CPU.ActiveCfg = Release|Any CPU
		{7C3056ED-7E80-49E1-8224-50E54985220A}.Release|Any CPU.Build.0 = Release|Any CPU
	EndGlobalSection
	GlobalSection(SolutionProperties) = preSolution
		HideSolutionNode = FALSE
	EndGlobalSection
	GlobalSection(ExtensibilityGlobals) = postSolution
		SolutionGuid = {50B5A4EC-33FD-45CA-83DE-89C797DB2FFF}
	EndGlobalSection
EndGlobal
